
Microsoft Visual Studio Solution File, Format Version 12.00
# Visual Studio Version 16
VisualStudioVersion = 16.0.31205.134
MinimumVisualStudioVersion = 10.0.40219.1
Project("{FAE04EC0-301F-11D3-BF4B-00C04F79EFBC}") = "BlobCompressionTools", "BlobCompressionTools\BlobCompressionTools.csproj", "{161C100F-378D-446A-85DD-FF5476479D5C}"
EndProject
Global
	GlobalSection(SolutionConfigurationPlatforms) = preSolution
		Debug|Any CPU = Debug|Any CPU
		Release|Any CPU = Release|Any CPU
	EndGlobalSection
	GlobalSection(ProjectConfigurationPlatforms) = postSolution
		{161C100F-378D-446A-85DD-FF5476479D5C}.Debug|Any CPU.ActiveCfg = Debug|Any CPU
		{161C100F-378D-446A-85DD-FF5476479D5C}.Debug|Any CPU.Build.0 = Debug|Any CPU
		{161C100F-378D-446A-85DD-FF5476479D5C}.Release|Any CPU.ActiveCfg = Release|Any CPU
		{161C100F-378D-446A-85DD-FF5476479D5C}.Release|Any CPU.Build.0 = Release|Any CPU
	EndGlobalSection
	GlobalSection(SolutionProperties) = preSolution
		HideSolutionNode = FALSE
	EndGlobalSection
	GlobalSection(ExtensibilityGlobals) = postSolution
		SolutionGuid = {DE521C3D-1EB1-483E-A5B5-EF67F3D4E210}
	EndGlobalSection
EndGlobal
